
Microsoft Visual Studio Solution File, Format Version 12.00
# Visual Studio Version 16
VisualStudioVersion = 16.0.31005.135
MinimumVisualStudioVersion = 10.0.40219.1
Project("{FAE04EC0-301F-11D3-BF4B-00C04F79EFBC}") = "UnitTesting", "UnitTesting\UnitTesting.csproj", "{256A0931-88D4-4118-81A4-64E3CD03721F}"
EndProject
Project("{D954291E-2A0B-460D-934E-DC6B0785DB48}") = "ITela", "ITela\ITela.shproj", "{D521F63E-1B31-43A5-9310-A69355766283}"
EndProject
Project("{D954291E-2A0B-460D-934E-DC6B0785DB48}") = "ITela.Gc.Data", "ITela.Gc.Data\ITela.Gc.Data.shproj", "{6D68F636-1336-4836-A47C-B517C49D3D99}"
EndProject
Global
	GlobalSection(SharedMSBuildProjectFiles) = preSolution
		ITela.Gc.Data\ITela.Gc.Data.projitems*{256a0931-88d4-4118-81a4-64e3cd03721f}*SharedItemsImports = 4
		ITela\ITela.projitems*{256a0931-88d4-4118-81a4-64e3cd03721f}*SharedItemsImports = 4
		ITela.Gc.Data\ITela.Gc.Data.projitems*{6d68f636-1336-4836-a47c-b517c49d3d99}*SharedItemsImports = 13
		ITela\ITela.projitems*{d521f63e-1b31-43a5-9310-a69355766283}*SharedItemsImports = 13
	EndGlobalSection
	GlobalSection(SolutionConfigurationPlatforms) = preSolution
		Debug|Any CPU = Debug|Any CPU
		Debug|ARM = Debug|ARM
		Debug|x64 = Debug|x64
		Debug|x86 = Debug|x86
		Release|Any CPU = Release|Any CPU
		Release|ARM = Release|ARM
		Release|x64 = Release|x64
		Release|x86 = Release|x86
	EndGlobalSection
	GlobalSection(ProjectConfigurationPlatforms) = postSolution
		{256A0931-88D4-4118-81A4-64E3CD03721F}.Debug|Any CPU.ActiveCfg = Debug|Any CPU
		{256A0931-88D4-4118-81A4-64E3CD03721F}.Debug|Any CPU.Build.0 = Debug|Any CPU
		{256A0931-88D4-4118-81A4-64E3CD03721F}.Debug|ARM.ActiveCfg = Debug|Any CPU
		{256A0931-88D4-4118-81A4-64E3CD03721F}.Debug|ARM.Build.0 = Debug|Any CPU
		{256A0931-88D4-4118-81A4-64E3CD03721F}.Debug|x64.ActiveCfg = Debug|Any CPU
		{256A0931-88D4-4118-81A4-64E3CD03721F}.Debug|x64.Build.0 = Debug|Any CPU
		{256A0931-88D4-4118-81A4-64E3CD03721F}.Debug|x86.ActiveCfg = Debug|Any CPU
		{256A0931-88D4-4118-81A4-64E3CD03721F}.Debug|x86.Build.0 = Debug|Any CPU
		{256A0931-88D4-4118-81A4-64E3CD03721F}.Release|Any CPU.ActiveCfg = Release|Any CPU
		{256A0931-88D4-4118-81A4-64E3CD03721F}.Release|Any CPU.Build.0 = Release|Any CPU
		{256A0931-88D4-4118-81A4-64E3CD03721F}.Release|ARM.ActiveCfg = Release|Any CPU
		{256A0931-88D4-4118-81A4-64E3CD03721F}.Release|ARM.Build.0 = Release|Any CPU
		{256A0931-88D4-4118-81A4-64E3CD03721F}.Release|x64.ActiveCfg = Release|Any CPU
		{256A0931-88D4-4118-81A4-64E3CD03721F}.Release|x64.Build.0 = Release|Any CPU
		{256A0931-88D4-4118-81A4-64E3CD03721F}.Release|x86.ActiveCfg = Release|Any CPU
		{256A0931-88D4-4118-81A4-64E3CD03721F}.Release|x86.Build.0 = Release|Any CPU
	EndGlobalSection
	GlobalSection(SolutionProperties) = preSolution
		HideSolutionNode = FALSE
	EndGlobalSection
	GlobalSection(ExtensibilityGlobals) = postSolution
		SolutionGuid = {D02DB142-C479-4C25-B6EE-F02FFE363190}
	EndGlobalSection
EndGlobal
